
Microsoft Visual Studio Solution File, Format Version 12.00
# Visual Studio Version 16
VisualStudioVersion = 16.0.31624.102
MinimumVisualStudioVersion = 10.0.40219.1
Project("{FAE04EC0-301F-11D3-BF4B-00C04F79EFBC}") = "DemoMenu", "DemoMenu\DemoMenu.csproj", "{9BC43B9E-82DF-4AA0-8C82-132257A41541}"
EndProject
Global
	GlobalSection(SolutionConfigurationPlatforms) = preSolution
		Debug|Any CPU = Debug|Any CPU
		Release|Any CPU = Release|Any CPU
	EndGlobalSection
	GlobalSection(ProjectConfigurationPlatforms) = postSolution
		{9BC43B9E-82DF-4AA0-8C82-132257A41541}.Debug|Any CPU.ActiveCfg = Debug|Any CPU
		{9BC43B9E-82DF-4AA0-8C82-132257A41541}.Debug|Any CPU.Build.0 = Debug|Any CPU
		{9BC43B9E-82DF-4AA0-8C82-132257A41541}.Release|Any CPU.ActiveCfg = Release|Any CPU
		{9BC43B9E-82DF-4AA0-8C82-132257A41541}.Release|Any CPU.Build.0 = Release|Any CPU
	EndGlobalSection
	GlobalSection(SolutionProperties) = preSolution
		HideSolutionNode = FALSE
	EndGlobalSection
	GlobalSection(ExtensibilityGlobals) = postSolution
		SolutionGuid = {B4A566A0-9A96-40D5-AA14-1FA2F981E459}
	EndGlobalSection
EndGlobal
